
Microsoft Visual Studio Solution File, Format Version 12.00
# Visual Studio Version 16
VisualStudioVersion = 16.0.30907.101
MinimumVisualStudioVersion = 10.0.40219.1
Project("{9A19103F-16F7-4668-BE54-9A1E7A4F7556}") = "CodingDojo", "CodingDojo\CodingDojo.csproj", "{FB229046-F707-4CF1-89B9-D6172C377E48}"
EndProject
Project("{FAE04EC0-301F-11D3-BF4B-00C04F79EFBC}") = "Coding_Dojo_Tests", "Coding_Dojo_Tests\Coding_Dojo_Tests.csproj", "{0737EA58-8E1E-4FF2-9D23-1C6752506B9C}"
EndProject
Global
	GlobalSection(SolutionConfigurationPlatforms) = preSolution
		Debug|Any CPU = Debug|Any CPU
		Release|Any CPU = Release|Any CPU
	EndGlobalSection
	GlobalSection(ProjectConfigurationPlatforms) = postSolution
		{FB229046-F707-4CF1-89B9-D6172C377E48}.Debug|Any CPU.ActiveCfg = Debug|Any CPU
		{FB229046-F707-4CF1-89B9-D6172C377E48}.Debug|Any CPU.Build.0 = Debug|Any CPU
		{FB229046-F707-4CF1-89B9-D6172C377E48}.Release|Any CPU.ActiveCfg = Release|Any CPU
		{FB229046-F707-4CF1-89B9-D6172C377E48}.Release|Any CPU.Build.0 = Release|Any CPU
		{0737EA58-8E1E-4FF2-9D23-1C6752506B9C}.Debug|Any CPU.ActiveCfg = Debug|Any CPU
		{0737EA58-8E1E-4FF2-9D23-1C6752506B9C}.Debug|Any CPU.Build.0 = Debug|Any CPU
		{0737EA58-8E1E-4FF2-9D23-1C6752506B9C}.Release|Any CPU.ActiveCfg = Release|Any CPU
		{0737EA58-8E1E-4FF2-9D23-1C6752506B9C}.Release|Any CPU.Build.0 = Release|Any CPU
	EndGlobalSection
	GlobalSection(SolutionProperties) = preSolution
		HideSolutionNode = FALSE
	EndGlobalSection
	GlobalSection(ExtensibilityGlobals) = postSolution
		SolutionGuid = {12683F90-059F-4066-BC22-D3CB4DA5502D}
	EndGlobalSection
EndGlobal
